{
  "name": "NetDiscover",
  "lockfileVersion": 2,
  "requires": true,
  "packages": {
    "": {
      "dependencies": {
        "tabulator-tables": "^5.1.3"
      }
    },
    "node_modules/tabulator-tables": {
      "version": "5.1.3",
      "resolved": "https://registry.npmjs.org/tabulator-tables/-/tabulator-tables-5.1.3.tgz",
      "integrity": "sha512-20rZimKFmdoYwQYzU40fblhqlSjUJHhBuTDWwcps+lI4g/bSZHVpOQBKr4FNGUWsH15KJbw2mW7paX5sEJ0rZg=="
    }
  },
  "dependencies": {
    "tabulator-tables": {
      "version": "5.1.3",
      "resolved": "https://registry.npmjs.org/tabulator-tables/-/tabulator-tables-5.1.3.tgz",
      "integrity": "sha512-20rZimKFmdoYwQYzU40fblhqlSjUJHhBuTDWwcps+lI4g/bSZHVpOQBKr4FNGUWsH15KJbw2mW7paX5sEJ0rZg=="
    }
  }
}
